
Microsoft Visual Studio Solution File, Format Version 12.00
# Visual Studio Version 17
VisualStudioVersion = 17.7.34018.315
MinimumVisualStudioVersion = 10.0.40219.1
Project("{8BC9CEB8-8B4A-11D0-8D11-00A0C91BC942}") = "calculater", "calculater\calculater.vcxproj", "{1A651EDE-147B-4507-8220-6AE815289D45}"
EndProject
Global
	GlobalSection(SolutionConfigurationPlatforms) = preSolution
		Debug|x64 = Debug|x64
		Debug|x86 = Debug|x86
		Release|x64 = Release|x64
		Release|x86 = Release|x86
	EndGlobalSection
	GlobalSection(ProjectConfigurationPlatforms) = postSolution
		{1A651EDE-147B-4507-8220-6AE815289D45}.Debug|x64.ActiveCfg = Debug|x64
		{1A651EDE-147B-4507-8220-6AE815289D45}.Debug|x64.Build.0 = Debug|x64
		{1A651EDE-147B-4507-8220-6AE815289D45}.Debug|x86.ActiveCfg = Debug|Win32
		{1A651EDE-147B-4507-8220-6AE815289D45}.Debug|x86.Build.0 = Debug|Win32
		{1A651EDE-147B-4507-8220-6AE815289D45}.Release|x64.ActiveCfg = Release|x64
		{1A651EDE-147B-4507-8220-6AE815289D45}.Release|x64.Build.0 = Release|x64
		{1A651EDE-147B-4507-8220-6AE815289D45}.Release|x86.ActiveCfg = Release|Win32
		{1A651EDE-147B-4507-8220-6AE815289D45}.Release|x86.Build.0 = Release|Win32
	EndGlobalSection
	GlobalSection(SolutionProperties) = preSolution
		HideSolutionNode = FALSE
	EndGlobalSection
	GlobalSection(ExtensibilityGlobals) = postSolution
		SolutionGuid = {FF4C16A4-1FA1-41EF-9CBB-4554A4C5BB0F}
	EndGlobalSection
EndGlobal
